
Microsoft Visual Studio Solution File, Format Version 12.00
# Visual Studio Version 16
VisualStudioVersion = 16.0.31105.61
MinimumVisualStudioVersion = 10.0.40219.1
Project("{FAE04EC0-301F-11D3-BF4B-00C04F79EFBC}") = "ClusterTest.Core", "ClusterTest.Core\ClusterTest.Core.csproj", "{4CC0BC77-0BAA-4855-A48D-EA87C76CAF4C}"
EndProject
Project("{FAE04EC0-301F-11D3-BF4B-00C04F79EFBC}") = "ClusterTest.Node", "ClusterTest.Node\ClusterTest.Node.csproj", "{03011881-8C5B-452F-9637-9595098BF8CB}"
EndProject
Global
	GlobalSection(SolutionConfigurationPlatforms) = preSolution
		Debug|Any CPU = Debug|Any CPU
		Release|Any CPU = Release|Any CPU
	EndGlobalSection
	GlobalSection(ProjectConfigurationPlatforms) = postSolution
		{4CC0BC77-0BAA-4855-A48D-EA87C76CAF4C}.Debug|Any CPU.ActiveCfg = Debug|Any CPU
		{4CC0BC77-0BAA-4855-A48D-EA87C76CAF4C}.Debug|Any CPU.Build.0 = Debug|Any CPU
		{4CC0BC77-0BAA-4855-A48D-EA87C76CAF4C}.Release|Any CPU.ActiveCfg = Release|Any CPU
		{4CC0BC77-0BAA-4855-A48D-EA87C76CAF4C}.Release|Any CPU.Build.0 = Release|Any CPU
		{03011881-8C5B-452F-9637-9595098BF8CB}.Debug|Any CPU.ActiveCfg = Debug|Any CPU
		{03011881-8C5B-452F-9637-9595098BF8CB}.Debug|Any CPU.Build.0 = Debug|Any CPU
		{03011881-8C5B-452F-9637-9595098BF8CB}.Release|Any CPU.ActiveCfg = Release|Any CPU
		{03011881-8C5B-452F-9637-9595098BF8CB}.Release|Any CPU.Build.0 = Release|Any CPU
	EndGlobalSection
	GlobalSection(SolutionProperties) = preSolution
		HideSolutionNode = FALSE
	EndGlobalSection
	GlobalSection(ExtensibilityGlobals) = postSolution
		SolutionGuid = {17536F3A-28C3-47B1-A84B-D3AB0D518221}
	EndGlobalSection
EndGlobal
